
Microsoft Visual Studio Solution File, Format Version 12.00
# Visual Studio Version 16
VisualStudioVersion = 16.0.29409.12
MinimumVisualStudioVersion = 10.0.40219.1
Project("{FAE04EC0-301F-11D3-BF4B-00C04F79EFBC}") = "ViewModel Builder", "ViewModel Builder\ViewModel Builder.csproj", "{625DDFF0-CE4F-4E59-9AB8-776D1E4DD908}"
EndProject
Global
	GlobalSection(SolutionConfigurationPlatforms) = preSolution
		Debug|Any CPU = Debug|Any CPU
		Release|Any CPU = Release|Any CPU
	EndGlobalSection
	GlobalSection(ProjectConfigurationPlatforms) = postSolution
		{625DDFF0-CE4F-4E59-9AB8-776D1E4DD908}.Debug|Any CPU.ActiveCfg = Debug|Any CPU
		{625DDFF0-CE4F-4E59-9AB8-776D1E4DD908}.Debug|Any CPU.Build.0 = Debug|Any CPU
		{625DDFF0-CE4F-4E59-9AB8-776D1E4DD908}.Release|Any CPU.ActiveCfg = Release|Any CPU
		{625DDFF0-CE4F-4E59-9AB8-776D1E4DD908}.Release|Any CPU.Build.0 = Release|Any CPU
	EndGlobalSection
	GlobalSection(SolutionProperties) = preSolution
		HideSolutionNode = FALSE
	EndGlobalSection
	GlobalSection(ExtensibilityGlobals) = postSolution
		SolutionGuid = {D11B0972-C23E-4FEB-8B8F-67AE03B16536}
	EndGlobalSection
EndGlobal
